
Microsoft Visual Studio Solution File, Format Version 12.00
# Visual Studio 15
VisualStudioVersion = 15.0.28307.1062
MinimumVisualStudioVersion = 10.0.40219.1
Project("{FAE04EC0-301F-11D3-BF4B-00C04F79EFBC}") = "ExcelWorkbook1", "ExcelWorkbook1\ExcelWorkbook1.csproj", "{79D7A772-5DD8-4005-9393-EB12BBE3005D}"
EndProject
Project("{FAE04EC0-301F-11D3-BF4B-00C04F79EFBC}") = "VSTO_Tests", "VSTO_Tests\VSTO_Tests.csproj", "{C75C0F07-1CBB-4143-A071-1F8A317EDFA0}"
EndProject
Global
	GlobalSection(SolutionConfigurationPlatforms) = preSolution
		Debug|Any CPU = Debug|Any CPU
		Release|Any CPU = Release|Any CPU
	EndGlobalSection
	GlobalSection(ProjectConfigurationPlatforms) = postSolution
		{79D7A772-5DD8-4005-9393-EB12BBE3005D}.Debug|Any CPU.ActiveCfg = Debug|Any CPU
		{79D7A772-5DD8-4005-9393-EB12BBE3005D}.Debug|Any CPU.Build.0 = Debug|Any CPU
		{79D7A772-5DD8-4005-9393-EB12BBE3005D}.Release|Any CPU.ActiveCfg = Release|Any CPU
		{79D7A772-5DD8-4005-9393-EB12BBE3005D}.Release|Any CPU.Build.0 = Release|Any CPU
		{C75C0F07-1CBB-4143-A071-1F8A317EDFA0}.Debug|Any CPU.ActiveCfg = Debug|Any CPU
		{C75C0F07-1CBB-4143-A071-1F8A317EDFA0}.Debug|Any CPU.Build.0 = Debug|Any CPU
		{C75C0F07-1CBB-4143-A071-1F8A317EDFA0}.Release|Any CPU.ActiveCfg = Release|Any CPU
		{C75C0F07-1CBB-4143-A071-1F8A317EDFA0}.Release|Any CPU.Build.0 = Release|Any CPU
	EndGlobalSection
	GlobalSection(SolutionProperties) = preSolution
		HideSolutionNode = FALSE
	EndGlobalSection
	GlobalSection(ExtensibilityGlobals) = postSolution
		SolutionGuid = {60AA568D-A56B-47BC-9F45-82C2B1323361}
	EndGlobalSection
EndGlobal
